{
  "name": "skriv-let",
  "version": "1.0.0",
  "lockfileVersion": 1,
  "requires": true,
  "dependencies": {
    "@codexteam/icons": {
      "version": "0.3.0",
      "resolved": "https://registry.npmjs.org/@codexteam/icons/-/icons-0.3.0.tgz",
      "integrity": "sha512-fJE9dfFdgq8xU+sbsxjH0Kt8Yeatw9xHBJWb77DhRkEXz3OCoIS6hrRC1ewHEryxzIjxD8IyQrRq2f+Gz3BcmA=="
    },
    "@editorjs/checklist": {
      "version": "1.6.0",
      "resolved": "https://registry.npmjs.org/@editorjs/checklist/-/checklist-1.6.0.tgz",
      "integrity": "sha512-hRNP36DInr73mSK3noHBQeoQb7DA12ANfqTXufEkTgQzx+k4mRJ0HdeGukTIR4JbwjHJ9ecUBnnQqIEGnxCFEg==",
      "requires": {
        "@codexteam/icons": "^0.3.0"
      }
    },
    "@editorjs/code": {
      "version": "2.8.0",
      "resolved": "https://registry.npmjs.org/@editorjs/code/-/code-2.8.0.tgz",
      "integrity": "sha512-qlv1OqSEPKnLv/ZQgNFmVgqsMbGDkh/qgTEnbVWsS+yujo1nlwgVkqCB8tOkQGVsrpmAYLiWRlA413nKxxCN5w==",
      "dev": true,
      "requires": {
        "@codexteam/icons": "^0.0.5"
      },
      "dependencies": {
        "@codexteam/icons": {
          "version": "0.0.5",
          "resolved": "https://registry.npmjs.org/@codexteam/icons/-/icons-0.0.5.tgz",
          "integrity": "sha512-s6H2KXhLz2rgbMZSkRm8dsMJvyUNZsEjxobBEg9ztdrb1B2H3pEzY6iTwI4XUPJWJ3c3qRKwV4TrO3J5jUdoQA==",
          "dev": true
        }
      }
    },
    "@editorjs/editorjs": {
      "version": "2.28.2",
      "resolved": "https://registry.npmjs.org/@editorjs/editorjs/-/editorjs-2.28.2.tgz",
      "integrity": "sha512-g6V0Nd3W9IIWMpvxDNTssQ6e4kxBp1Y0W4GIf8cXRlmcBp3TUjrgCYJQmNy3l2a6ZzhyBAoVSe8krJEq4g7PQw=="
    },
    "@editorjs/embed": {
      "version": "2.7.0",
      "resolved": "https://registry.npmjs.org/@editorjs/embed/-/embed-2.7.0.tgz",
      "integrity": "sha512-FieA8YKnqAMX+4Ng6VeusuuuyMg1cX4vADoEKcQVM0LHy2hC17ztNGZh8UHEfrjUwbfJDSr/cPhT0LRGrwTd8g=="
    },
    "@editorjs/header": {
      "version": "2.8.1",
      "resolved": "https://registry.npmjs.org/@editorjs/header/-/header-2.8.1.tgz",
      "integrity": "sha512-y0HVXRP7m2W617CWo3fsb5HhXmSLaRpb9GzFx0Vkp/HEm9Dz5YO1s8tC7R8JD3MskwoYh7V0hRFQt39io/r6hA==",
      "requires": {
        "@codexteam/icons": "^0.0.5"
      },
      "dependencies": {
        "@codexteam/icons": {
          "version": "0.0.5",
          "resolved": "https://registry.npmjs.org/@codexteam/icons/-/icons-0.0.5.tgz",
          "integrity": "sha512-s6H2KXhLz2rgbMZSkRm8dsMJvyUNZsEjxobBEg9ztdrb1B2H3pEzY6iTwI4XUPJWJ3c3qRKwV4TrO3J5jUdoQA=="
        }
      }
    },
    "@editorjs/list": {
      "version": "1.9.0",
      "resolved": "https://registry.npmjs.org/@editorjs/list/-/list-1.9.0.tgz",
      "integrity": "sha512-BQEvZW4vi0O0dBvGNljiKxiE89vMSHoM2Tu2OzKUndoj7pY9AxqpgCh1qvwIVsJAlG4Lbt/vBFQilnoStMmI6A==",
      "requires": {
        "@codexteam/icons": "^0.0.4"
      },
      "dependencies": {
        "@codexteam/icons": {
          "version": "0.0.4",
          "resolved": "https://registry.npmjs.org/@codexteam/icons/-/icons-0.0.4.tgz",
          "integrity": "sha512-V8N/TY2TGyas4wLrPIFq7bcow68b3gu8DfDt1+rrHPtXxcexadKauRJL6eQgfG7Z0LCrN4boLRawR4S9gjIh/Q=="
        }
      }
    },
    "@editorjs/quote": {
      "version": "2.5.0",
      "resolved": "https://registry.npmjs.org/@editorjs/quote/-/quote-2.5.0.tgz",
      "integrity": "sha512-24Mu8cESaj34a0kg1Enj7qiZ3yiCOsZI59+8xpfXLO/NkO7hBYWNForVcBy5yIWs/VLlEZK11FP37f/mHrKugQ==",
      "requires": {
        "@codexteam/icons": "^0.0.5"
      },
      "dependencies": {
        "@codexteam/icons": {
          "version": "0.0.5",
          "resolved": "https://registry.npmjs.org/@codexteam/icons/-/icons-0.0.5.tgz",
          "integrity": "sha512-s6H2KXhLz2rgbMZSkRm8dsMJvyUNZsEjxobBEg9ztdrb1B2H3pEzY6iTwI4XUPJWJ3c3qRKwV4TrO3J5jUdoQA=="
        }
      }
    },
    "@editorjs/raw": {
      "version": "2.4.0",
      "resolved": "https://registry.npmjs.org/@editorjs/raw/-/raw-2.4.0.tgz",
      "integrity": "sha512-6k7ngx1T8+ztTG4/i5QcGPKXkF2YvdqgKgtzpOTaG6Pzm17D7Hr30Krbqz2E2Y/uoV8SiR/X1UAyKTQxrk9B6Q==",
      "requires": {
        "@codexteam/icons": "^0.0.4"
      },
      "dependencies": {
        "@codexteam/icons": {
          "version": "0.0.4",
          "resolved": "https://registry.npmjs.org/@codexteam/icons/-/icons-0.0.4.tgz",
          "integrity": "sha512-V8N/TY2TGyas4wLrPIFq7bcow68b3gu8DfDt1+rrHPtXxcexadKauRJL6eQgfG7Z0LCrN4boLRawR4S9gjIh/Q=="
        }
      }
    },
    "@esbuild/android-arm": {
      "version": "0.19.5",
      "resolved": "https://registry.npmjs.org/@esbuild/android-arm/-/android-arm-0.19.5.tgz",
      "integrity": "sha512-bhvbzWFF3CwMs5tbjf3ObfGqbl/17ict2/uwOSfr3wmxDE6VdS2GqY/FuzIPe0q0bdhj65zQsvqfArI9MY6+AA==",
      "optional": true
    },
    "@esbuild/android-arm64": {
      "version": "0.19.5",
      "resolved": "https://registry.npmjs.org/@esbuild/android-arm64/-/android-arm64-0.19.5.tgz",
      "integrity": "sha512-5d1OkoJxnYQfmC+Zd8NBFjkhyCNYwM4n9ODrycTFY6Jk1IGiZ+tjVJDDSwDt77nK+tfpGP4T50iMtVi4dEGzhQ==",
      "optional": true
    },
    "@esbuild/android-x64": {
      "version": "0.19.5",
      "resolved": "https://registry.npmjs.org/@esbuild/android-x64/-/android-x64-0.19.5.tgz",
      "integrity": "sha512-9t+28jHGL7uBdkBjL90QFxe7DVA+KGqWlHCF8ChTKyaKO//VLuoBricQCgwhOjA1/qOczsw843Fy4cbs4H3DVA==",
      "optional": true
    },
    "@esbuild/darwin-arm64": {
      "version": "0.19.5",
      "resolved": "https://registry.npmjs.org/@esbuild/darwin-arm64/-/darwin-arm64-0.19.5.tgz",
      "integrity": "sha512-mvXGcKqqIqyKoxq26qEDPHJuBYUA5KizJncKOAf9eJQez+L9O+KfvNFu6nl7SCZ/gFb2QPaRqqmG0doSWlgkqw==",
      "optional": true
    },
    "@esbuild/darwin-x64": {
      "version": "0.19.5",
      "resolved": "https://registry.npmjs.org/@esbuild/darwin-x64/-/darwin-x64-0.19.5.tgz",
      "integrity": "sha512-Ly8cn6fGLNet19s0X4unjcniX24I0RqjPv+kurpXabZYSXGM4Pwpmf85WHJN3lAgB8GSth7s5A0r856S+4DyiA==",
      "optional": true
    },
    "@esbuild/freebsd-arm64": {
      "version": "0.19.5",
      "resolved": "https://registry.npmjs.org/@esbuild/freebsd-arm64/-/freebsd-arm64-0.19.5.tgz",
      "integrity": "sha512-GGDNnPWTmWE+DMchq1W8Sd0mUkL+APvJg3b11klSGUDvRXh70JqLAO56tubmq1s2cgpVCSKYywEiKBfju8JztQ==",
      "optional": true
    },
    "@esbuild/freebsd-x64": {
      "version": "0.19.5",
      "resolved": "https://registry.npmjs.org/@esbuild/freebsd-x64/-/freebsd-x64-0.19.5.tgz",
      "integrity": "sha512-1CCwDHnSSoA0HNwdfoNY0jLfJpd7ygaLAp5EHFos3VWJCRX9DMwWODf96s9TSse39Br7oOTLryRVmBoFwXbuuQ==",
      "optional": true
    },
    "@esbuild/linux-arm": {
      "version": "0.19.5",
      "resolved": "https://registry.npmjs.org/@esbuild/linux-arm/-/linux-arm-0.19.5.tgz",
      "integrity": "sha512-lrWXLY/vJBzCPC51QN0HM71uWgIEpGSjSZZADQhq7DKhPcI6NH1IdzjfHkDQws2oNpJKpR13kv7/pFHBbDQDwQ==",
      "optional": true
    },
    "@esbuild/linux-arm64": {
      "version": "0.19.5",
      "resolved": "https://registry.npmjs.org/@esbuild/linux-arm64/-/linux-arm64-0.19.5.tgz",
      "integrity": "sha512-o3vYippBmSrjjQUCEEiTZ2l+4yC0pVJD/Dl57WfPwwlvFkrxoSO7rmBZFii6kQB3Wrn/6GwJUPLU5t52eq2meA==",
      "optional": true
    },
    "@esbuild/linux-ia32": {
      "version": "0.19.5",
      "resolved": "https://registry.npmjs.org/@esbuild/linux-ia32/-/linux-ia32-0.19.5.tgz",
      "integrity": "sha512-MkjHXS03AXAkNp1KKkhSKPOCYztRtK+KXDNkBa6P78F8Bw0ynknCSClO/ztGszILZtyO/lVKpa7MolbBZ6oJtQ==",
      "optional": true
    },
    "@esbuild/linux-loong64": {
      "version": "0.19.5",
      "resolved": "https://registry.npmjs.org/@esbuild/linux-loong64/-/linux-loong64-0.19.5.tgz",
      "integrity": "sha512-42GwZMm5oYOD/JHqHska3Jg0r+XFb/fdZRX+WjADm3nLWLcIsN27YKtqxzQmGNJgu0AyXg4HtcSK9HuOk3v1Dw==",
      "optional": true
    },
    "@esbuild/linux-mips64el": {
      "version": "0.19.5",
      "resolved": "https://registry.npmjs.org/@esbuild/linux-mips64el/-/linux-mips64el-0.19.5.tgz",
      "integrity": "sha512-kcjndCSMitUuPJobWCnwQ9lLjiLZUR3QLQmlgaBfMX23UEa7ZOrtufnRds+6WZtIS9HdTXqND4yH8NLoVVIkcg==",
      "optional": true
    },
    "@esbuild/linux-ppc64": {
      "version": "0.19.5",
      "resolved": "https://registry.npmjs.org/@esbuild/linux-ppc64/-/linux-ppc64-0.19.5.tgz",
      "integrity": "sha512-yJAxJfHVm0ZbsiljbtFFP1BQKLc8kUF6+17tjQ78QjqjAQDnhULWiTA6u0FCDmYT1oOKS9PzZ2z0aBI+Mcyj7Q==",
      "optional": true
    },
    "@esbuild/linux-riscv64": {
      "version": "0.19.5",
      "resolved": "https://registry.npmjs.org/@esbuild/linux-riscv64/-/linux-riscv64-0.19.5.tgz",
      "integrity": "sha512-5u8cIR/t3gaD6ad3wNt1MNRstAZO+aNyBxu2We8X31bA8XUNyamTVQwLDA1SLoPCUehNCymhBhK3Qim1433Zag==",
      "optional": true
    },
    "@esbuild/linux-s390x": {
      "version": "0.19.5",
      "resolved": "https://registry.npmjs.org/@esbuild/linux-s390x/-/linux-s390x-0.19.5.tgz",
      "integrity": "sha512-Z6JrMyEw/EmZBD/OFEFpb+gao9xJ59ATsoTNlj39jVBbXqoZm4Xntu6wVmGPB/OATi1uk/DB+yeDPv2E8PqZGw==",
      "optional": true
    },
    "@esbuild/linux-x64": {
      "version": "0.19.5",
      "resolved": "https://registry.npmjs.org/@esbuild/linux-x64/-/linux-x64-0.19.5.tgz",
      "integrity": "sha512-psagl+2RlK1z8zWZOmVdImisMtrUxvwereIdyJTmtmHahJTKb64pAcqoPlx6CewPdvGvUKe2Jw+0Z/0qhSbG1A==",
      "optional": true
    },
    "@esbuild/netbsd-x64": {
      "version": "0.19.5",
      "resolved": "https://registry.npmjs.org/@esbuild/netbsd-x64/-/netbsd-x64-0.19.5.tgz",
      "integrity": "sha512-kL2l+xScnAy/E/3119OggX8SrWyBEcqAh8aOY1gr4gPvw76la2GlD4Ymf832UCVbmuWeTf2adkZDK+h0Z/fB4g==",
      "optional": true
    },
    "@esbuild/openbsd-x64": {
      "version": "0.19.5",
      "resolved": "https://registry.npmjs.org/@esbuild/openbsd-x64/-/openbsd-x64-0.19.5.tgz",
      "integrity": "sha512-sPOfhtzFufQfTBgRnE1DIJjzsXukKSvZxloZbkJDG383q0awVAq600pc1nfqBcl0ice/WN9p4qLc39WhBShRTA==",
      "optional": true
    },
    "@esbuild/sunos-x64": {
      "version": "0.19.5",
      "resolved": "https://registry.npmjs.org/@esbuild/sunos-x64/-/sunos-x64-0.19.5.tgz",
      "integrity": "sha512-dGZkBXaafuKLpDSjKcB0ax0FL36YXCvJNnztjKV+6CO82tTYVDSH2lifitJ29jxRMoUhgkg9a+VA/B03WK5lcg==",
      "optional": true
    },
    "@esbuild/win32-arm64": {
      "version": "0.19.5",
      "resolved": "https://registry.npmjs.org/@esbuild/win32-arm64/-/win32-arm64-0.19.5.tgz",
      "integrity": "sha512-dWVjD9y03ilhdRQ6Xig1NWNgfLtf2o/STKTS+eZuF90fI2BhbwD6WlaiCGKptlqXlURVB5AUOxUj09LuwKGDTg==",
      "optional": true
    },
    "@esbuild/win32-ia32": {
      "version": "0.19.5",
      "resolved": "https://registry.npmjs.org/@esbuild/win32-ia32/-/win32-ia32-0.19.5.tgz",
      "integrity": "sha512-4liggWIA4oDgUxqpZwrDhmEfAH4d0iljanDOK7AnVU89T6CzHon/ony8C5LeOdfgx60x5cnQJFZwEydVlYx4iw==",
      "optional": true
    },
    "@esbuild/win32-x64": {
      "version": "0.19.5",
      "resolved": "https://registry.npmjs.org/@esbuild/win32-x64/-/win32-x64-0.19.5.tgz",
      "integrity": "sha512-czTrygUsB/jlM8qEW5MD8bgYU2Xg14lo6kBDXW6HdxKjh8M5PzETGiSHaz9MtbXBYDloHNUAUW2tMiKW4KM9Mw==",
      "optional": true
    },
    "esbuild": {
      "version": "0.19.5",
      "resolved": "https://registry.npmjs.org/esbuild/-/esbuild-0.19.5.tgz",
      "integrity": "sha512-bUxalY7b1g8vNhQKdB24QDmHeY4V4tw/s6Ak5z+jJX9laP5MoQseTOMemAr0gxssjNcH0MCViG8ONI2kksvfFQ==",
      "requires": {
        "@esbuild/android-arm": "0.19.5",
        "@esbuild/android-arm64": "0.19.5",
        "@esbuild/android-x64": "0.19.5",
        "@esbuild/darwin-arm64": "0.19.5",
        "@esbuild/darwin-x64": "0.19.5",
        "@esbuild/freebsd-arm64": "0.19.5",
        "@esbuild/freebsd-x64": "0.19.5",
        "@esbuild/linux-arm": "0.19.5",
        "@esbuild/linux-arm64": "0.19.5",
        "@esbuild/linux-ia32": "0.19.5",
        "@esbuild/linux-loong64": "0.19.5",
        "@esbuild/linux-mips64el": "0.19.5",
        "@esbuild/linux-ppc64": "0.19.5",
        "@esbuild/linux-riscv64": "0.19.5",
        "@esbuild/linux-s390x": "0.19.5",
        "@esbuild/linux-x64": "0.19.5",
        "@esbuild/netbsd-x64": "0.19.5",
        "@esbuild/openbsd-x64": "0.19.5",
        "@esbuild/sunos-x64": "0.19.5",
        "@esbuild/win32-arm64": "0.19.5",
        "@esbuild/win32-ia32": "0.19.5",
        "@esbuild/win32-x64": "0.19.5"
      }
    }
  }
}
